// !$*UTF8*$!
{
	archiveVersion = 1;
	classes = {
	};
	objectVersion = 50;
	objects = {

/* Begin PBXBuildFile section */
		5ABB147D2167C42300A2CB2C /* AppDelegate.swift in Sources */ = {isa = PBXBuildFile; fileRef = 5ABB147C2167C42300A2CB2C /* AppDelegate.swift */; };
		5ABB147F2167C42300A2CB2C /* HomeViewController.swift in Sources */ = {isa = PBXBuildFile; fileRef = 5ABB147E2167C42300A2CB2C /* HomeViewController.swift */; };
		5ABB14812167C42300A2CB2C /* FavoritesViewController.swift in Sources */ = {isa = PBXBuildFile; fileRef = 5ABB14802167C42300A2CB2C /* FavoritesViewController.swift */; };
		5ABB14842167C42400A2CB2C /* Main.storyboard in Resources */ = {isa = PBXBuildFile; fileRef = 5ABB14822167C42400A2CB2C /* Main.storyboard */; };
		5ABB14862167C42600A2CB2C /* Assets.xcassets in Resources */ = {isa = PBXBuildFile; fileRef = 5ABB14852167C42600A2CB2C /* Assets.xcassets */; };
		5ABB14892167C42600A2CB2C /* LaunchScreen.storyboard in Resources */ = {isa = PBXBuildFile; fileRef = 5ABB14872167C42600A2CB2C /* LaunchScreen.storyboard */; };
		5ABB14942167C42700A2CB2C /* YelpAPIClientTests.swift in Sources */ = {isa = PBXBuildFile; fileRef = 5ABB14932167C42700A2CB2C /* YelpAPIClientTests.swift */; };
		5ABB149F2167C42700A2CB2C /* WeedmapsChallengeUITests.swift in Sources */ = {isa = PBXBuildFile; fileRef = 5ABB149E2167C42700A2CB2C /* WeedmapsChallengeUITests.swift */; };
		5ABB14BC2167CF2400A2CB2C /* HomeDetailViewController.swift in Sources */ = {isa = PBXBuildFile; fileRef = 5ABB14BB2167CF2400A2CB2C /* HomeDetailViewController.swift */; };
		5ABB14BE2167D2D900A2CB2C /* BusinessCell.swift in Sources */ = {isa = PBXBuildFile; fileRef = 5ABB14BD2167D2D900A2CB2C /* BusinessCell.swift */; };
		5ABB14C02167D31100A2CB2C /* BusinessCell.xib in Resources */ = {isa = PBXBuildFile; fileRef = 5ABB14BF2167D31100A2CB2C /* BusinessCell.xib */; };
		5ABB14C22167D50300A2CB2C /* Favorites.storyboard in Resources */ = {isa = PBXBuildFile; fileRef = 5ABB14C12167D50300A2CB2C /* Favorites.storyboard */; };
		5ABB14C42167D51000A2CB2C /* Home.storyboard in Resources */ = {isa = PBXBuildFile; fileRef = 5ABB14C32167D51000A2CB2C /* Home.storyboard */; };
		BF1FEE7422999E65003A7F67 /* SegueIdentifiable.swift in Sources */ = {isa = PBXBuildFile; fileRef = BF1FEE7222999E65003A7F67 /* SegueIdentifiable.swift */; };
		BF1FEE7522999E65003A7F67 /* SegueIdentifiable+UIViewController.swift in Sources */ = {isa = PBXBuildFile; fileRef = BF1FEE7322999E65003A7F67 /* SegueIdentifiable+UIViewController.swift */; };
		BF1FEE7822999EF4003A7F67 /* UIStoryboard+Identifiers.swift in Sources */ = {isa = PBXBuildFile; fileRef = BF1FEE7722999EF4003A7F67 /* UIStoryboard+Identifiers.swift */; };
		BF1FEE8A229A1BA2003A7F67 /* HomeViewModelProtocol.swift in Sources */ = {isa = PBXBuildFile; fileRef = BF1FEE81229A1BA2003A7F67 /* HomeViewModelProtocol.swift */; };
		BF1FEE8E229A1E7F003A7F67 /* NetworkingService.swift in Sources */ = {isa = PBXBuildFile; fileRef = BF1FEE8D229A1E7F003A7F67 /* NetworkingService.swift */; };
		BF1FEE94229A283D003A7F67 /* NetworkingServiceError.swift in Sources */ = {isa = PBXBuildFile; fileRef = BF1FEE93229A283D003A7F67 /* NetworkingServiceError.swift */; };
		BF1FEE96229A287F003A7F67 /* NetworkingServiceResponse.swift in Sources */ = {isa = PBXBuildFile; fileRef = BF1FEE95229A287F003A7F67 /* NetworkingServiceResponse.swift */; };
		BF1FEE9A229A29EA003A7F67 /* NetworkingRequestValidation.swift in Sources */ = {isa = PBXBuildFile; fileRef = BF1FEE99229A29EA003A7F67 /* NetworkingRequestValidation.swift */; };
		BF1FEE9C229A2D6E003A7F67 /* NetworkingProviderError.swift in Sources */ = {isa = PBXBuildFile; fileRef = BF1FEE9B229A2D6E003A7F67 /* NetworkingProviderError.swift */; };
		BF1FEE9F229AF480003A7F67 /* YelpNetworkingError.swift in Sources */ = {isa = PBXBuildFile; fileRef = BF1FEE9E229AF480003A7F67 /* YelpNetworkingError.swift */; };
		BF648436229B177D0089590D /* HomeDetail.storyboard in Resources */ = {isa = PBXBuildFile; fileRef = BF648435229B177D0089590D /* HomeDetail.storyboard */; };
		BF648438229B250C0089590D /* WebKit.framework in Frameworks */ = {isa = PBXBuildFile; fileRef = BF648437229B250C0089590D /* WebKit.framework */; };
		BF64843A229B33B80089590D /* CALayer++.swift in Sources */ = {isa = PBXBuildFile; fileRef = BF648439229B33B80089590D /* CALayer++.swift */; };
		BF64843C229B3EB80089590D /* HomeInteractor.swift in Sources */ = {isa = PBXBuildFile; fileRef = BF64843B229B3EB80089590D /* HomeInteractor.swift */; };
		BF64843F229B59460089590D /* LocationManager.swift in Sources */ = {isa = PBXBuildFile; fileRef = BF64843E229B59460089590D /* LocationManager.swift */; };
		BFC93E06229793B20077598A /* Kingfisher.framework in Frameworks */ = {isa = PBXBuildFile; fileRef = BFC93E04229793B20077598A /* Kingfisher.framework */; };
		BFC93E07229793B20077598A /* Alamofire.framework in Frameworks */ = {isa = PBXBuildFile; fileRef = BFC93E05229793B20077598A /* Alamofire.framework */; };
		BFC93E0E22979B050077598A /* HomeSearchResultsViewController.swift in Sources */ = {isa = PBXBuildFile; fileRef = BFC93E0D22979B050077598A /* HomeSearchResultsViewController.swift */; };
		BFC93E1122979B3A0077598A /* HomeSearchResults.storyboard in Resources */ = {isa = PBXBuildFile; fileRef = BFC93E1022979B3A0077598A /* HomeSearchResults.storyboard */; };
		BFC93E142297A08C0077598A /* NetworkingProvider.swift in Sources */ = {isa = PBXBuildFile; fileRef = BFC93E132297A08C0077598A /* NetworkingProvider.swift */; };
		BFC93E182297A1920077598A /* YelpNetworkingResponses.swift in Sources */ = {isa = PBXBuildFile; fileRef = BFC93E172297A1920077598A /* YelpNetworkingResponses.swift */; };
		BFC93E1A2297A5040077598A /* NetworkingRequest.swift in Sources */ = {isa = PBXBuildFile; fileRef = BFC93E192297A5040077598A /* NetworkingRequest.swift */; };
		BFC93E1C2297A53A0077598A /* NetworkingRequestHTTPMethod.swift in Sources */ = {isa = PBXBuildFile; fileRef = BFC93E1B2297A53A0077598A /* NetworkingRequestHTTPMethod.swift */; };
		BFC93E202297A65B0077598A /* YelpNetworkingTarget.swift in Sources */ = {isa = PBXBuildFile; fileRef = BFC93E1F2297A65B0077598A /* YelpNetworkingTarget.swift */; };
		BFC93E252297A8450077598A /* Yelp.swift in Sources */ = {isa = PBXBuildFile; fileRef = BFC93E242297A8450077598A /* Yelp.swift */; };
		BFC93E272297A8650077598A /* YelpNetworking.swift in Sources */ = {isa = PBXBuildFile; fileRef = BFC93E262297A8650077598A /* YelpNetworking.swift */; };
		BFC93E2C2297ABED0077598A /* HomeDetailViewModelProtocol.swift in Sources */ = {isa = PBXBuildFile; fileRef = BFC93E2B2297ABEC0077598A /* HomeDetailViewModelProtocol.swift */; };
		BFC93E2E2297AC510077598A /* BusinessCellViewModelProtocol.swift in Sources */ = {isa = PBXBuildFile; fileRef = BFC93E2D2297AC510077598A /* BusinessCellViewModelProtocol.swift */; };
		BFC93E302297B05D0077598A /* HomeSearchResultsViewModelProtocol.swift in Sources */ = {isa = PBXBuildFile; fileRef = BFC93E2F2297B05D0077598A /* HomeSearchResultsViewModelProtocol.swift */; };
		BFC93E322297B2B20077598A /* HomeSearchResultsCell.swift in Sources */ = {isa = PBXBuildFile; fileRef = BFC93E312297B2B20077598A /* HomeSearchResultsCell.swift */; };
		BFC93E3E2297B39E0077598A /* UICollectionView+StoryboardIdentifiable.swift in Sources */ = {isa = PBXBuildFile; fileRef = BFC93E352297B39E0077598A /* UICollectionView+StoryboardIdentifiable.swift */; };
		BFC93E3F2297B39E0077598A /* UICollectionReusableView+StoryboardIdentifiable.swift in Sources */ = {isa = PBXBuildFile; fileRef = BFC93E362297B39E0077598A /* UICollectionReusableView+StoryboardIdentifiable.swift */; };
		BFC93E402297B39E0077598A /* UIStoryboard+StoryboardIdentifiable.swift in Sources */ = {isa = PBXBuildFile; fileRef = BFC93E372297B39E0077598A /* UIStoryboard+StoryboardIdentifiable.swift */; };
		BFC93E412297B39E0077598A /* StoryboardIdentifiable+Self.swift in Sources */ = {isa = PBXBuildFile; fileRef = BFC93E382297B39E0077598A /* StoryboardIdentifiable+Self.swift */; };
		BFC93E422297B39E0077598A /* UITableView+StoryboardIdentifiable.swift in Sources */ = {isa = PBXBuildFile; fileRef = BFC93E392297B39E0077598A /* UITableView+StoryboardIdentifiable.swift */; };
		BFC93E432297B39E0077598A /* UITableViewCell+StoryboardIdentifiable.swift in Sources */ = {isa = PBXBuildFile; fileRef = BFC93E3A2297B39E0077598A /* UITableViewCell+StoryboardIdentifiable.swift */; };
		BFC93E442297B39E0077598A /* UIStoryboardSegue+StoryboardIdentifiable.swift in Sources */ = {isa = PBXBuildFile; fileRef = BFC93E3B2297B39E0077598A /* UIStoryboardSegue+StoryboardIdentifiable.swift */; };
		BFC93E452297B39E0077598A /* StoryboardIdentifiable.swift in Sources */ = {isa = PBXBuildFile; fileRef = BFC93E3C2297B39E0077598A /* StoryboardIdentifiable.swift */; };
		BFC93E462297B39E0077598A /* UIViewController+StoryboardIdentifiable.swift in Sources */ = {isa = PBXBuildFile; fileRef = BFC93E3D2297B39E0077598A /* UIViewController+StoryboardIdentifiable.swift */; };
/* End PBXBuildFile section */

/* Begin PBXContainerItemProxy section */
		5ABB14902167C42700A2CB2C /* PBXContainerItemProxy */ = {
			isa = PBXContainerItemProxy;
			containerPortal = 5ABB14712167C42300A2CB2C /* Project object */;
			proxyType = 1;
			remoteGlobalIDString = 5ABB14782167C42300A2CB2C;
			remoteInfo = WeedmapsChallenge;
		};
		5ABB149B2167C42700A2CB2C /* PBXContainerItemProxy */ = {
			isa = PBXContainerItemProxy;
			containerPortal = 5ABB14712167C42300A2CB2C /* Project object */;
			proxyType = 1;
			remoteGlobalIDString = 5ABB14782167C42300A2CB2C;
			remoteInfo = WeedmapsChallenge;
		};
/* End PBXContainerItemProxy section */

/* Begin PBXFileReference section */
		5ABB14792167C42300A2CB2C /* WeedmapsChallenge.app */ = {isa = PBXFileReference; explicitFileType = wrapper.application; includeInIndex = 0; path = WeedmapsChallenge.app; sourceTree = BUILT_PRODUCTS_DIR; };
		5ABB147C2167C42300A2CB2C /* AppDelegate.swift */ = {isa = PBXFileReference; lastKnownFileType = sourcecode.swift; path = AppDelegate.swift; sourceTree = "<group>"; };
		5ABB147E2167C42300A2CB2C /* HomeViewController.swift */ = {isa = PBXFileReference; lastKnownFileType = sourcecode.swift; path = HomeViewController.swift; sourceTree = "<group>"; };
		5ABB14802167C42300A2CB2C /* FavoritesViewController.swift */ = {isa = PBXFileReference; lastKnownFileType = sourcecode.swift; path = FavoritesViewController.swift; sourceTree = "<group>"; };
		5ABB14832167C42400A2CB2C /* Base */ = {isa = PBXFileReference; lastKnownFileType = file.storyboard; name = Base; path = Base.lproj/Main.storyboard; sourceTree = "<group>"; };
		5ABB14852167C42600A2CB2C /* Assets.xcassets */ = {isa = PBXFileReference; lastKnownFileType = folder.assetcatalog; path = Assets.xcassets; sourceTree = "<group>"; };
		5ABB14882167C42600A2CB2C /* Base */ = {isa = PBXFileReference; lastKnownFileType = file.storyboard; name = Base; path = Base.lproj/LaunchScreen.storyboard; sourceTree = "<group>"; };
		5ABB148A2167C42600A2CB2C /* WeedmapsChallenge-Info.plist */ = {isa = PBXFileReference; lastKnownFileType = text.plist.xml; path = "WeedmapsChallenge-Info.plist"; sourceTree = "<group>"; };
		5ABB148F2167C42700A2CB2C /* WeedmapsChallengeTests.xctest */ = {isa = PBXFileReference; explicitFileType = wrapper.cfbundle; includeInIndex = 0; path = WeedmapsChallengeTests.xctest; sourceTree = BUILT_PRODUCTS_DIR; };
		5ABB14932167C42700A2CB2C /* YelpAPIClientTests.swift */ = {isa = PBXFileReference; lastKnownFileType = sourcecode.swift; path = YelpAPIClientTests.swift; sourceTree = "<group>"; };
		5ABB14952167C42700A2CB2C /* Info.plist */ = {isa = PBXFileReference; lastKnownFileType = text.plist.xml; path = Info.plist; sourceTree = "<group>"; };
		5ABB149A2167C42700A2CB2C /* WeedmapsChallengeUITests.xctest */ = {isa = PBXFileReference; explicitFileType = wrapper.cfbundle; includeInIndex = 0; path = WeedmapsChallengeUITests.xctest; sourceTree = BUILT_PRODUCTS_DIR; };
		5ABB149E2167C42700A2CB2C /* WeedmapsChallengeUITests.swift */ = {isa = PBXFileReference; lastKnownFileType = sourcecode.swift; path = WeedmapsChallengeUITests.swift; sourceTree = "<group>"; };
		5ABB14A02167C42700A2CB2C /* Info.plist */ = {isa = PBXFileReference; lastKnownFileType = text.plist.xml; path = Info.plist; sourceTree = "<group>"; };
		5ABB14BB2167CF2400A2CB2C /* HomeDetailViewController.swift */ = {isa = PBXFileReference; lastKnownFileType = sourcecode.swift; path = HomeDetailViewController.swift; sourceTree = "<group>"; };
		5ABB14BD2167D2D900A2CB2C /* BusinessCell.swift */ = {isa = PBXFileReference; lastKnownFileType = sourcecode.swift; path = BusinessCell.swift; sourceTree = "<group>"; };
		5ABB14BF2167D31100A2CB2C /* BusinessCell.xib */ = {isa = PBXFileReference; lastKnownFileType = file.xib; path = BusinessCell.xib; sourceTree = "<group>"; };
		5ABB14C12167D50300A2CB2C /* Favorites.storyboard */ = {isa = PBXFileReference; lastKnownFileType = file.storyboard; path = Favorites.storyboard; sourceTree = "<group>"; };
		5ABB14C32167D51000A2CB2C /* Home.storyboard */ = {isa = PBXFileReference; lastKnownFileType = file.storyboard; path = Home.storyboard; sourceTree = "<group>"; };
		BF1FEE7222999E65003A7F67 /* SegueIdentifiable.swift */ = {isa = PBXFileReference; fileEncoding = 4; lastKnownFileType = sourcecode.swift; path = SegueIdentifiable.swift; sourceTree = "<group>"; };
		BF1FEE7322999E65003A7F67 /* SegueIdentifiable+UIViewController.swift */ = {isa = PBXFileReference; fileEncoding = 4; lastKnownFileType = sourcecode.swift; path = "SegueIdentifiable+UIViewController.swift"; sourceTree = "<group>"; };
		BF1FEE7722999EF4003A7F67 /* UIStoryboard+Identifiers.swift */ = {isa = PBXFileReference; lastKnownFileType = sourcecode.swift; path = "UIStoryboard+Identifiers.swift"; sourceTree = "<group>"; };
		BF1FEE81229A1BA2003A7F67 /* HomeViewModelProtocol.swift */ = {isa = PBXFileReference; lastKnownFileType = sourcecode.swift; path = HomeViewModelProtocol.swift; sourceTree = "<group>"; };
		BF1FEE8D229A1E7F003A7F67 /* NetworkingService.swift */ = {isa = PBXFileReference; fileEncoding = 4; lastKnownFileType = sourcecode.swift; path = NetworkingService.swift; sourceTree = "<group>"; };
		BF1FEE93229A283D003A7F67 /* NetworkingServiceError.swift */ = {isa = PBXFileReference; lastKnownFileType = sourcecode.swift; path = NetworkingServiceError.swift; sourceTree = "<group>"; };
		BF1FEE95229A287F003A7F67 /* NetworkingServiceResponse.swift */ = {isa = PBXFileReference; lastKnownFileType = sourcecode.swift; path = NetworkingServiceResponse.swift; sourceTree = "<group>"; };
		BF1FEE99229A29EA003A7F67 /* NetworkingRequestValidation.swift */ = {isa = PBXFileReference; lastKnownFileType = sourcecode.swift; path = NetworkingRequestValidation.swift; sourceTree = "<group>"; };
		BF1FEE9B229A2D6E003A7F67 /* NetworkingProviderError.swift */ = {isa = PBXFileReference; lastKnownFileType = sourcecode.swift; path = NetworkingProviderError.swift; sourceTree = "<group>"; };
		BF1FEE9E229AF480003A7F67 /* YelpNetworkingError.swift */ = {isa = PBXFileReference; lastKnownFileType = sourcecode.swift; path = YelpNetworkingError.swift; sourceTree = "<group>"; };
		BF648435229B177D0089590D /* HomeDetail.storyboard */ = {isa = PBXFileReference; lastKnownFileType = file.storyboard; path = HomeDetail.storyboard; sourceTree = "<group>"; };
		BF648437229B250C0089590D /* WebKit.framework */ = {isa = PBXFileReference; lastKnownFileType = wrapper.framework; name = WebKit.framework; path = System/Library/Frameworks/WebKit.framework; sourceTree = SDKROOT; };
		BF648439229B33B80089590D /* CALayer++.swift */ = {isa = PBXFileReference; lastKnownFileType = sourcecode.swift; path = "CALayer++.swift"; sourceTree = "<group>"; };
		BF64843B229B3EB80089590D /* HomeInteractor.swift */ = {isa = PBXFileReference; lastKnownFileType = sourcecode.swift; path = HomeInteractor.swift; sourceTree = "<group>"; };
		BF64843E229B59460089590D /* LocationManager.swift */ = {isa = PBXFileReference; lastKnownFileType = sourcecode.swift; path = LocationManager.swift; sourceTree = "<group>"; };
		BFC93E04229793B20077598A /* Kingfisher.framework */ = {isa = PBXFileReference; lastKnownFileType = wrapper.framework; name = Kingfisher.framework; path = Carthage/Build/iOS/Kingfisher.framework; sourceTree = "<group>"; };
		BFC93E05229793B20077598A /* Alamofire.framework */ = {isa = PBXFileReference; lastKnownFileType = wrapper.framework; name = Alamofire.framework; path = Carthage/Build/iOS/Alamofire.framework; sourceTree = "<group>"; };
		BFC93E0D22979B050077598A /* HomeSearchResultsViewController.swift */ = {isa = PBXFileReference; lastKnownFileType = sourcecode.swift; path = HomeSearchResultsViewController.swift; sourceTree = "<group>"; };
		BFC93E1022979B3A0077598A /* HomeSearchResults.storyboard */ = {isa = PBXFileReference; lastKnownFileType = file.storyboard; path = HomeSearchResults.storyboard; sourceTree = "<group>"; };
		BFC93E132297A08C0077598A /* NetworkingProvider.swift */ = {isa = PBXFileReference; lastKnownFileType = sourcecode.swift; path = NetworkingProvider.swift; sourceTree = "<group>"; };
		BFC93E172297A1920077598A /* YelpNetworkingResponses.swift */ = {isa = PBXFileReference; lastKnownFileType = sourcecode.swift; path = YelpNetworkingResponses.swift; sourceTree = "<group>"; };
		BFC93E192297A5040077598A /* NetworkingRequest.swift */ = {isa = PBXFileReference; lastKnownFileType = sourcecode.swift; path = NetworkingRequest.swift; sourceTree = "<group>"; };
		BFC93E1B2297A53A0077598A /* NetworkingRequestHTTPMethod.swift */ = {isa = PBXFileReference; lastKnownFileType = sourcecode.swift; path = NetworkingRequestHTTPMethod.swift; sourceTree = "<group>"; };
		BFC93E1F2297A65B0077598A /* YelpNetworkingTarget.swift */ = {isa = PBXFileReference; lastKnownFileType = sourcecode.swift; path = YelpNetworkingTarget.swift; sourceTree = "<group>"; };
		BFC93E242297A8450077598A /* Yelp.swift */ = {isa = PBXFileReference; lastKnownFileType = sourcecode.swift; path = Yelp.swift; sourceTree = "<group>"; };
		BFC93E262297A8650077598A /* YelpNetworking.swift */ = {isa = PBXFileReference; lastKnownFileType = sourcecode.swift; path = YelpNetworking.swift; sourceTree = "<group>"; };
		BFC93E2B2297ABEC0077598A /* HomeDetailViewModelProtocol.swift */ = {isa = PBXFileReference; lastKnownFileType = sourcecode.swift; path = HomeDetailViewModelProtocol.swift; sourceTree = "<group>"; };
		BFC93E2D2297AC510077598A /* BusinessCellViewModelProtocol.swift */ = {isa = PBXFileReference; lastKnownFileType = sourcecode.swift; path = BusinessCellViewModelProtocol.swift; sourceTree = "<group>"; };
		BFC93E2F2297B05D0077598A /* HomeSearchResultsViewModelProtocol.swift */ = {isa = PBXFileReference; lastKnownFileType = sourcecode.swift; path = HomeSearchResultsViewModelProtocol.swift; sourceTree = "<group>"; };
		BFC93E312297B2B20077598A /* HomeSearchResultsCell.swift */ = {isa = PBXFileReference; lastKnownFileType = sourcecode.swift; path = HomeSearchResultsCell.swift; sourceTree = "<group>"; };
		BFC93E352297B39E0077598A /* UICollectionView+StoryboardIdentifiable.swift */ = {isa = PBXFileReference; fileEncoding = 4; lastKnownFileType = sourcecode.swift; path = "UICollectionView+StoryboardIdentifiable.swift"; sourceTree = "<group>"; };
		BFC93E362297B39E0077598A /* UICollectionReusableView+StoryboardIdentifiable.swift */ = {isa = PBXFileReference; fileEncoding = 4; lastKnownFileType = sourcecode.swift; path = "UICollectionReusableView+StoryboardIdentifiable.swift"; sourceTree = "<group>"; };
		BFC93E372297B39E0077598A /* UIStoryboard+StoryboardIdentifiable.swift */ = {isa = PBXFileReference; fileEncoding = 4; lastKnownFileType = sourcecode.swift; path = "UIStoryboard+StoryboardIdentifiable.swift"; sourceTree = "<group>"; };
		BFC93E382297B39E0077598A /* StoryboardIdentifiable+Self.swift */ = {isa = PBXFileReference; fileEncoding = 4; lastKnownFileType = sourcecode.swift; path = "StoryboardIdentifiable+Self.swift"; sourceTree = "<group>"; };
		BFC93E392297B39E0077598A /* UITableView+StoryboardIdentifiable.swift */ = {isa = PBXFileReference; fileEncoding = 4; lastKnownFileType = sourcecode.swift; path = "UITableView+StoryboardIdentifiable.swift"; sourceTree = "<group>"; };
		BFC93E3A2297B39E0077598A /* UITableViewCell+StoryboardIdentifiable.swift */ = {isa = PBXFileReference; fileEncoding = 4; lastKnownFileType = sourcecode.swift; path = "UITableViewCell+StoryboardIdentifiable.swift"; sourceTree = "<group>"; };
		BFC93E3B2297B39E0077598A /* UIStoryboardSegue+StoryboardIdentifiable.swift */ = {isa = PBXFileReference; fileEncoding = 4; lastKnownFileType = sourcecode.swift; path = "UIStoryboardSegue+StoryboardIdentifiable.swift"; sourceTree = "<group>"; };
		BFC93E3C2297B39E0077598A /* StoryboardIdentifiable.swift */ = {isa = PBXFileReference; fileEncoding = 4; lastKnownFileType = sourcecode.swift; path = StoryboardIdentifiable.swift; sourceTree = "<group>"; };
		BFC93E3D2297B39E0077598A /* UIViewController+StoryboardIdentifiable.swift */ = {isa = PBXFileReference; fileEncoding = 4; lastKnownFileType = sourcecode.swift; path = "UIViewController+StoryboardIdentifiable.swift"; sourceTree = "<group>"; };
/* End PBXFileReference section */

/* Begin PBXFrameworksBuildPhase section */
		5ABB14762167C42300A2CB2C /* Frameworks */ = {
			isa = PBXFrameworksBuildPhase;
			buildActionMask = 2147483647;
			files = (
				BF648438229B250C0089590D /* WebKit.framework in Frameworks */,
				BFC93E06229793B20077598A /* Kingfisher.framework in Frameworks */,
				BFC93E07229793B20077598A /* Alamofire.framework in Frameworks */,
			);
			runOnlyForDeploymentPostprocessing = 0;
		};
		5ABB148C2167C42700A2CB2C /* Frameworks */ = {
			isa = PBXFrameworksBuildPhase;
			buildActionMask = 2147483647;
			files = (
			);
			runOnlyForDeploymentPostprocessing = 0;
		};
		5ABB14972167C42700A2CB2C /* Frameworks */ = {
			isa = PBXFrameworksBuildPhase;
			buildActionMask = 2147483647;
			files = (
			);
			runOnlyForDeploymentPostprocessing = 0;
		};
/* End PBXFrameworksBuildPhase section */

/* Begin PBXGroup section */
		5ABB14702167C42300A2CB2C = {
			isa = PBXGroup;
			children = (
				5ABB147B2167C42300A2CB2C /* WeedmapsChallenge */,
				5ABB14922167C42700A2CB2C /* WeedmapsChallengeTests */,
				5ABB149D2167C42700A2CB2C /* WeedmapsChallengeUITests */,
				5ABB147A2167C42300A2CB2C /* Products */,
				BFC93E03229793B20077598A /* Frameworks */,
			);
			sourceTree = "<group>";
		};
		5ABB147A2167C42300A2CB2C /* Products */ = {
			isa = PBXGroup;
			children = (
				5ABB14792167C42300A2CB2C /* WeedmapsChallenge.app */,
				5ABB148F2167C42700A2CB2C /* WeedmapsChallengeTests.xctest */,
				5ABB149A2167C42700A2CB2C /* WeedmapsChallengeUITests.xctest */,
			);
			name = Products;
			sourceTree = "<group>";
		};
		5ABB147B2167C42300A2CB2C /* WeedmapsChallenge */ = {
			isa = PBXGroup;
			children = (
				5ABB14B12167C65000A2CB2C /* Storages */,
				5ABB14AE2167C62400A2CB2C /* Source */,
			);
			path = WeedmapsChallenge;
			sourceTree = "<group>";
		};
		5ABB14922167C42700A2CB2C /* WeedmapsChallengeTests */ = {
			isa = PBXGroup;
			children = (
				5ABB14932167C42700A2CB2C /* YelpAPIClientTests.swift */,
				5ABB14952167C42700A2CB2C /* Info.plist */,
			);
			path = WeedmapsChallengeTests;
			sourceTree = "<group>";
		};
		5ABB149D2167C42700A2CB2C /* WeedmapsChallengeUITests */ = {
			isa = PBXGroup;
			children = (
				5ABB149E2167C42700A2CB2C /* WeedmapsChallengeUITests.swift */,
				5ABB14A02167C42700A2CB2C /* Info.plist */,
			);
			path = WeedmapsChallengeUITests;
			sourceTree = "<group>";
		};
		5ABB14AC2167C5DD00A2CB2C /* Home */ = {
			isa = PBXGroup;
			children = (
				5ABB14C32167D51000A2CB2C /* Home.storyboard */,
				5ABB147E2167C42300A2CB2C /* HomeViewController.swift */,
				BF64843B229B3EB80089590D /* HomeInteractor.swift */,
				BF1FEE81229A1BA2003A7F67 /* HomeViewModelProtocol.swift */,
				BF1FEE6C229992F3003A7F67 /* Search */,
				BFC93E282297AB260077598A /* Detail */,
			);
			path = Home;
			sourceTree = "<group>";
		};
		5ABB14AD2167C5E600A2CB2C /* Favorites */ = {
			isa = PBXGroup;
			children = (
				5ABB14C12167D50300A2CB2C /* Favorites.storyboard */,
				5ABB14802167C42300A2CB2C /* FavoritesViewController.swift */,
			);
			path = Favorites;
			sourceTree = "<group>";
		};
		5ABB14AE2167C62400A2CB2C /* Source */ = {
			isa = PBXGroup;
			children = (
				BFC93E0A229795470077598A /* Screens */,
				BFC93E122297A0780077598A /* Networking */,
				BFC93E332297B34F0077598A /* Utilities */,
			);
			path = Source;
			sourceTree = "<group>";
		};
		5ABB14B02167C64100A2CB2C /* Navigation */ = {
			isa = PBXGroup;
			children = (
				5ABB14822167C42400A2CB2C /* Main.storyboard */,
			);
			path = Navigation;
			sourceTree = "<group>";
		};
		5ABB14B12167C65000A2CB2C /* Storages */ = {
			isa = PBXGroup;
			children = (
				5ABB14852167C42600A2CB2C /* Assets.xcassets */,
				5ABB148A2167C42600A2CB2C /* WeedmapsChallenge-Info.plist */,
			);
			path = Storages;
			sourceTree = "<group>";
		};
		5ABB14B32167C6DA00A2CB2C /* Business */ = {
			isa = PBXGroup;
			children = (
				5ABB14BF2167D31100A2CB2C /* BusinessCell.xib */,
				5ABB14BD2167D2D900A2CB2C /* BusinessCell.swift */,
				BFC93E2D2297AC510077598A /* BusinessCellViewModelProtocol.swift */,
			);
			path = Business;
			sourceTree = "<group>";
		};
		BF1FEE6C229992F3003A7F67 /* Search */ = {
			isa = PBXGroup;
			children = (
				BFC93E1022979B3A0077598A /* HomeSearchResults.storyboard */,
				BFC93E0D22979B050077598A /* HomeSearchResultsViewController.swift */,
				BFC93E2F2297B05D0077598A /* HomeSearchResultsViewModelProtocol.swift */,
				BFC93E312297B2B20077598A /* HomeSearchResultsCell.swift */,
			);
			path = Search;
			sourceTree = "<group>";
		};
		BF1FEE7122999E4D003A7F67 /* Segue */ = {
			isa = PBXGroup;
			children = (
				BF1FEE7222999E65003A7F67 /* SegueIdentifiable.swift */,
				BF1FEE7322999E65003A7F67 /* SegueIdentifiable+UIViewController.swift */,
			);
			path = Segue;
			sourceTree = "<group>";
		};
		BF1FEE7622999EDA003A7F67 /* Extensions */ = {
			isa = PBXGroup;
			children = (
				BF1FEE7722999EF4003A7F67 /* UIStoryboard+Identifiers.swift */,
				BF648439229B33B80089590D /* CALayer++.swift */,
			);
			path = Extensions;
			sourceTree = "<group>";
		};
		BF1FEE97229A299E003A7F67 /* Service */ = {
			isa = PBXGroup;
			children = (
				BF1FEE8D229A1E7F003A7F67 /* NetworkingService.swift */,
				BF1FEE95229A287F003A7F67 /* NetworkingServiceResponse.swift */,
				BF1FEE93229A283D003A7F67 /* NetworkingServiceError.swift */,
			);
			path = Service;
			sourceTree = "<group>";
		};
		BF1FEE98229A29B5003A7F67 /* Request */ = {
			isa = PBXGroup;
			children = (
				BFC93E192297A5040077598A /* NetworkingRequest.swift */,
				BFC93E1B2297A53A0077598A /* NetworkingRequestHTTPMethod.swift */,
				BF1FEE99229A29EA003A7F67 /* NetworkingRequestValidation.swift */,
			);
			path = Request;
			sourceTree = "<group>";
		};
		BF1FEE9D229A3265003A7F67 /* Provider */ = {
			isa = PBXGroup;
			children = (
				BFC93E132297A08C0077598A /* NetworkingProvider.swift */,
				BF1FEE9B229A2D6E003A7F67 /* NetworkingProviderError.swift */,
			);
			path = Provider;
			sourceTree = "<group>";
		};
		BF64843D229B59370089590D /* Location Manager */ = {
			isa = PBXGroup;
			children = (
				BF64843E229B59460089590D /* LocationManager.swift */,
			);
			path = "Location Manager";
			sourceTree = "<group>";
		};
		BFC93E03229793B20077598A /* Frameworks */ = {
			isa = PBXGroup;
			children = (
				BF648437229B250C0089590D /* WebKit.framework */,
				BFC93E05229793B20077598A /* Alamofire.framework */,
				BFC93E04229793B20077598A /* Kingfisher.framework */,
			);
			name = Frameworks;
			sourceTree = "<group>";
		};
		BFC93E09229794BF0077598A /* Launch */ = {
			isa = PBXGroup;
			children = (
				5ABB14872167C42600A2CB2C /* LaunchScreen.storyboard */,
				5ABB147C2167C42300A2CB2C /* AppDelegate.swift */,
			);
			path = Launch;
			sourceTree = "<group>";
		};
		BFC93E0A229795470077598A /* Screens */ = {
			isa = PBXGroup;
			children = (
				BFC93E09229794BF0077598A /* Launch */,
				5ABB14B02167C64100A2CB2C /* Navigation */,
				5ABB14AC2167C5DD00A2CB2C /* Home */,
				5ABB14B32167C6DA00A2CB2C /* Business */,
				5ABB14AD2167C5E600A2CB2C /* Favorites */,
			);
			path = Screens;
			sourceTree = "<group>";
		};
		BFC93E122297A0780077598A /* Networking */ = {
			isa = PBXGroup;
			children = (
				BF1FEE9D229A3265003A7F67 /* Provider */,
				BF1FEE97229A299E003A7F67 /* Service */,
				BF1FEE98229A29B5003A7F67 /* Request */,
				BFC93E1D2297A5D50077598A /* Services */,
			);
			path = Networking;
			sourceTree = "<group>";
		};
		BFC93E1D2297A5D50077598A /* Services */ = {
			isa = PBXGroup;
			children = (
				BF64843D229B59370089590D /* Location Manager */,
				BFC93E1E2297A5DA0077598A /* Yelp */,
			);
			path = Services;
			sourceTree = "<group>";
		};
		BFC93E1E2297A5DA0077598A /* Yelp */ = {
			isa = PBXGroup;
			children = (
				BFC93E242297A8450077598A /* Yelp.swift */,
				BFC93E262297A8650077598A /* YelpNetworking.swift */,
				BFC93E1F2297A65B0077598A /* YelpNetworkingTarget.swift */,
				BFC93E172297A1920077598A /* YelpNetworkingResponses.swift */,
				BF1FEE9E229AF480003A7F67 /* YelpNetworkingError.swift */,
			);
			path = Yelp;
			sourceTree = "<group>";
		};
		BFC93E282297AB260077598A /* Detail */ = {
			isa = PBXGroup;
			children = (
				BF648435229B177D0089590D /* HomeDetail.storyboard */,
				5ABB14BB2167CF2400A2CB2C /* HomeDetailViewController.swift */,
				BFC93E2B2297ABEC0077598A /* HomeDetailViewModelProtocol.swift */,
			);
			path = Detail;
			sourceTree = "<group>";
		};
		BFC93E332297B34F0077598A /* Utilities */ = {
			isa = PBXGroup;
			children = (
				BF1FEE7622999EDA003A7F67 /* Extensions */,
				BFC93E342297B3910077598A /* Storyboard */,
				BF1FEE7122999E4D003A7F67 /* Segue */,
			);
			path = Utilities;
			sourceTree = "<group>";
		};
		BFC93E342297B3910077598A /* Storyboard */ = {
			isa = PBXGroup;
			children = (
				BFC93E3C2297B39E0077598A /* StoryboardIdentifiable.swift */,
				BFC93E382297B39E0077598A /* StoryboardIdentifiable+Self.swift */,
				BFC93E362297B39E0077598A /* UICollectionReusableView+StoryboardIdentifiable.swift */,
				BFC93E352297B39E0077598A /* UICollectionView+StoryboardIdentifiable.swift */,
				BFC93E372297B39E0077598A /* UIStoryboard+StoryboardIdentifiable.swift */,
				BFC93E3B2297B39E0077598A /* UIStoryboardSegue+StoryboardIdentifiable.swift */,
				BFC93E392297B39E0077598A /* UITableView+StoryboardIdentifiable.swift */,
				BFC93E3A2297B39E0077598A /* UITableViewCell+StoryboardIdentifiable.swift */,
				BFC93E3D2297B39E0077598A /* UIViewController+StoryboardIdentifiable.swift */,
			);
			path = Storyboard;
			sourceTree = "<group>";
		};
/* End PBXGroup section */

/* Begin PBXNativeTarget section */
		5ABB14782167C42300A2CB2C /* WeedmapsChallenge */ = {
			isa = PBXNativeTarget;
			buildConfigurationList = 5ABB14A32167C42700A2CB2C /* Build configuration list for PBXNativeTarget "WeedmapsChallenge" */;
			buildPhases = (
				5ABB14752167C42300A2CB2C /* Sources */,
				5ABB14762167C42300A2CB2C /* Frameworks */,
				5ABB14772167C42300A2CB2C /* Resources */,
				BFC93E08229793C90077598A /* Run Script */,
			);
			buildRules = (
			);
			dependencies = (
			);
			name = WeedmapsChallenge;
			productName = WeedmapsChallenge;
			productReference = 5ABB14792167C42300A2CB2C /* WeedmapsChallenge.app */;
			productType = "com.apple.product-type.application";
		};
		5ABB148E2167C42700A2CB2C /* WeedmapsChallengeTests */ = {
			isa = PBXNativeTarget;
			buildConfigurationList = 5ABB14A62167C42700A2CB2C /* Build configuration list for PBXNativeTarget "WeedmapsChallengeTests" */;
			buildPhases = (
				C8DA347DD1AF5B09BC1901DC /* [CP] Check Pods Manifest.lock */,
				5ABB148B2167C42700A2CB2C /* Sources */,
				5ABB148C2167C42700A2CB2C /* Frameworks */,
				5ABB148D2167C42700A2CB2C /* Resources */,
			);
			buildRules = (
			);
			dependencies = (
				5ABB14912167C42700A2CB2C /* PBXTargetDependency */,
			);
			name = WeedmapsChallengeTests;
			productName = WeedmapsChallengeTests;
			productReference = 5ABB148F2167C42700A2CB2C /* WeedmapsChallengeTests.xctest */;
			productType = "com.apple.product-type.bundle.unit-test";
		};
		5ABB14992167C42700A2CB2C /* WeedmapsChallengeUITests */ = {
			isa = PBXNativeTarget;
			buildConfigurationList = 5ABB14A92167C42700A2CB2C /* Build configuration list for PBXNativeTarget "WeedmapsChallengeUITests" */;
			buildPhases = (
				1CE8FEBEC5E53728BDF64C25 /* [CP] Check Pods Manifest.lock */,
				5ABB14962167C42700A2CB2C /* Sources */,
				5ABB14972167C42700A2CB2C /* Frameworks */,
				5ABB14982167C42700A2CB2C /* Resources */,
			);
			buildRules = (
			);
			dependencies = (
				5ABB149C2167C42700A2CB2C /* PBXTargetDependency */,
			);
			name = WeedmapsChallengeUITests;
			productName = WeedmapsChallengeUITests;
			productReference = 5ABB149A2167C42700A2CB2C /* WeedmapsChallengeUITests.xctest */;
			productType = "com.apple.product-type.bundle.ui-testing";
		};
/* End PBXNativeTarget section */

/* Begin PBXProject section */
		5ABB14712167C42300A2CB2C /* Project object */ = {
			isa = PBXProject;
			attributes = {
				LastSwiftUpdateCheck = 1000;
				LastUpgradeCheck = 1000;
				ORGANIZATIONNAME = "Weedmaps, LLC";
				TargetAttributes = {
					5ABB14782167C42300A2CB2C = {
						CreatedOnToolsVersion = 10.0;
					};
					5ABB148E2167C42700A2CB2C = {
						CreatedOnToolsVersion = 10.0;
						TestTargetID = 5ABB14782167C42300A2CB2C;
					};
					5ABB14992167C42700A2CB2C = {
						CreatedOnToolsVersion = 10.0;
						TestTargetID = 5ABB14782167C42300A2CB2C;
					};
				};
			};
			buildConfigurationList = 5ABB14742167C42300A2CB2C /* Build configuration list for PBXProject "WeedmapsChallenge" */;
			compatibilityVersion = "Xcode 9.3";
			developmentRegion = en;
			hasScannedForEncodings = 0;
			knownRegions = (
				en,
				Base,
			);
			mainGroup = 5ABB14702167C42300A2CB2C;
			productRefGroup = 5ABB147A2167C42300A2CB2C /* Products */;
			projectDirPath = "";
			projectRoot = "";
			targets = (
				5ABB14782167C42300A2CB2C /* WeedmapsChallenge */,
				5ABB148E2167C42700A2CB2C /* WeedmapsChallengeTests */,
				5ABB14992167C42700A2CB2C /* WeedmapsChallengeUITests */,
			);
		};
/* End PBXProject section */

/* Begin PBXResourcesBuildPhase section */
		5ABB14772167C42300A2CB2C /* Resources */ = {
			isa = PBXResourcesBuildPhase;
			buildActionMask = 2147483647;
			files = (
				BF648436229B177D0089590D /* HomeDetail.storyboard in Resources */,
				BFC93E1122979B3A0077598A /* HomeSearchResults.storyboard in Resources */,
				5ABB14892167C42600A2CB2C /* LaunchScreen.storyboard in Resources */,
				5ABB14C02167D31100A2CB2C /* BusinessCell.xib in Resources */,
				5ABB14862167C42600A2CB2C /* Assets.xcassets in Resources */,
				5ABB14C42167D51000A2CB2C /* Home.storyboard in Resources */,
				5ABB14842167C42400A2CB2C /* Main.storyboard in Resources */,
				5ABB14C22167D50300A2CB2C /* Favorites.storyboard in Resources */,
			);
			runOnlyForDeploymentPostprocessing = 0;
		};
		5ABB148D2167C42700A2CB2C /* Resources */ = {
			isa = PBXResourcesBuildPhase;
			buildActionMask = 2147483647;
			files = (
			);
			runOnlyForDeploymentPostprocessing = 0;
		};
		5ABB14982167C42700A2CB2C /* Resources */ = {
			isa = PBXResourcesBuildPhase;
			buildActionMask = 2147483647;
			files = (
			);
			runOnlyForDeploymentPostprocessing = 0;
		};
/* End PBXResourcesBuildPhase section */

/* Begin PBXShellScriptBuildPhase section */
		1CE8FEBEC5E53728BDF64C25 /* [CP] Check Pods Manifest.lock */ = {
			isa = PBXShellScriptBuildPhase;
			buildActionMask = 2147483647;
			files = (
			);
			inputFileListPaths = (
			);
			inputPaths = (
				"${PODS_PODFILE_DIR_PATH}/Podfile.lock",
				"${PODS_ROOT}/Manifest.lock",
			);
			name = "[CP] Check Pods Manifest.lock";
			outputFileListPaths = (
			);
			outputPaths = (
				"$(DERIVED_FILE_DIR)/Pods-WeedmapsChallengeUITests-checkManifestLockResult.txt",
			);
			runOnlyForDeploymentPostprocessing = 0;
			shellPath = /bin/sh;
			shellScript = "diff \"${PODS_PODFILE_DIR_PATH}/Podfile.lock\" \"${PODS_ROOT}/Manifest.lock\" > /dev/null\nif [ $? != 0 ] ; then\n    # print error to STDERR\n    echo \"error: The sandbox is not in sync with the Podfile.lock. Run 'pod install' or update your CocoaPods installation.\" >&2\n    exit 1\nfi\n# This output is used by Xcode 'outputs' to avoid re-running this script phase.\necho \"SUCCESS\" > \"${SCRIPT_OUTPUT_FILE_0}\"\n";
			showEnvVarsInLog = 0;
		};
		BFC93E08229793C90077598A /* Run Script */ = {
			isa = PBXShellScriptBuildPhase;
			buildActionMask = 2147483647;
			files = (
			);
			inputFileListPaths = (
			);
			inputPaths = (
				"$(SRCROOT)/Carthage/Build/iOS/Alamofire.framework",
				"$(SRCROOT)//Carthage/Build/iOS/Kingfisher.framework",
			);
			name = "Run Script";
			outputFileListPaths = (
			);
			outputPaths = (
			);
			runOnlyForDeploymentPostprocessing = 0;
			shellPath = /bin/sh;
			shellScript = "/usr/local/bin/carthage copy-frameworks\n";
		};
		C8DA347DD1AF5B09BC1901DC /* [CP] Check Pods Manifest.lock */ = {
			isa = PBXShellScriptBuildPhase;
			buildActionMask = 2147483647;
			files = (
			);
			inputFileListPaths = (
			);
			inputPaths = (
				"${PODS_PODFILE_DIR_PATH}/Podfile.lock",
				"${PODS_ROOT}/Manifest.lock",
			);
			name = "[CP] Check Pods Manifest.lock";
			outputFileListPaths = (
			);
			outputPaths = (
				"$(DERIVED_FILE_DIR)/Pods-WeedmapsChallengeTests-checkManifestLockResult.txt",
			);
			runOnlyForDeploymentPostprocessing = 0;
			shellPath = /bin/sh;
			shellScript = "diff \"${PODS_PODFILE_DIR_PATH}/Podfile.lock\" \"${PODS_ROOT}/Manifest.lock\" > /dev/null\nif [ $? != 0 ] ; then\n    # print error to STDERR\n    echo \"error: The sandbox is not in sync with the Podfile.lock. Run 'pod install' or update your CocoaPods installation.\" >&2\n    exit 1\nfi\n# This output is used by Xcode 'outputs' to avoid re-running this script phase.\necho \"SUCCESS\" > \"${SCRIPT_OUTPUT_FILE_0}\"\n";
			showEnvVarsInLog = 0;
		};
/* End PBXShellScriptBuildPhase section */

/* Begin PBXSourcesBuildPhase section */
		5ABB14752167C42300A2CB2C /* Sources */ = {
			isa = PBXSourcesBuildPhase;
			buildActionMask = 2147483647;
			files = (
				BF1FEE9A229A29EA003A7F67 /* NetworkingRequestValidation.swift in Sources */,
				BF64843C229B3EB80089590D /* HomeInteractor.swift in Sources */,
				BF64843A229B33B80089590D /* CALayer++.swift in Sources */,
				BF1FEE7422999E65003A7F67 /* SegueIdentifiable.swift in Sources */,
				BFC93E0E22979B050077598A /* HomeSearchResultsViewController.swift in Sources */,
				BFC93E302297B05D0077598A /* HomeSearchResultsViewModelProtocol.swift in Sources */,
				BFC93E272297A8650077598A /* YelpNetworking.swift in Sources */,
				BFC93E2C2297ABED0077598A /* HomeDetailViewModelProtocol.swift in Sources */,
				BFC93E432297B39E0077598A /* UITableViewCell+StoryboardIdentifiable.swift in Sources */,
				BFC93E1A2297A5040077598A /* NetworkingRequest.swift in Sources */,
				BFC93E1C2297A53A0077598A /* NetworkingRequestHTTPMethod.swift in Sources */,
				5ABB14812167C42300A2CB2C /* FavoritesViewController.swift in Sources */,
				BFC93E202297A65B0077598A /* YelpNetworkingTarget.swift in Sources */,
				BFC93E252297A8450077598A /* Yelp.swift in Sources */,
				BF1FEE8E229A1E7F003A7F67 /* NetworkingService.swift in Sources */,
				BFC93E322297B2B20077598A /* HomeSearchResultsCell.swift in Sources */,
				BFC93E2E2297AC510077598A /* BusinessCellViewModelProtocol.swift in Sources */,
				BFC93E442297B39E0077598A /* UIStoryboardSegue+StoryboardIdentifiable.swift in Sources */,
				BF1FEE8A229A1BA2003A7F67 /* HomeViewModelProtocol.swift in Sources */,
				BF1FEE7822999EF4003A7F67 /* UIStoryboard+Identifiers.swift in Sources */,
				BFC93E422297B39E0077598A /* UITableView+StoryboardIdentifiable.swift in Sources */,
				BFC93E142297A08C0077598A /* NetworkingProvider.swift in Sources */,
				BF1FEE9F229AF480003A7F67 /* YelpNetworkingError.swift in Sources */,
				BFC93E462297B39E0077598A /* UIViewController+StoryboardIdentifiable.swift in Sources */,
				BF1FEE9C229A2D6E003A7F67 /* NetworkingProviderError.swift in Sources */,
				BF1FEE96229A287F003A7F67 /* NetworkingServiceResponse.swift in Sources */,
				BF1FEE94229A283D003A7F67 /* NetworkingServiceError.swift in Sources */,
				5ABB14BE2167D2D900A2CB2C /* BusinessCell.swift in Sources */,
				BFC93E452297B39E0077598A /* StoryboardIdentifiable.swift in Sources */,
				BFC93E3E2297B39E0077598A /* UICollectionView+StoryboardIdentifiable.swift in Sources */,
				BFC93E402297B39E0077598A /* UIStoryboard+StoryboardIdentifiable.swift in Sources */,
				5ABB147D2167C42300A2CB2C /* AppDelegate.swift in Sources */,
				5ABB147F2167C42300A2CB2C /* HomeViewController.swift in Sources */,
				BFC93E3F2297B39E0077598A /* UICollectionReusableView+StoryboardIdentifiable.swift in Sources */,
				5ABB14BC2167CF2400A2CB2C /* HomeDetailViewController.swift in Sources */,
				BFC93E412297B39E0077598A /* StoryboardIdentifiable+Self.swift in Sources */,
				BF1FEE7522999E65003A7F67 /* SegueIdentifiable+UIViewController.swift in Sources */,
				BFC93E182297A1920077598A /* YelpNetworkingResponses.swift in Sources */,
				BF64843F229B59460089590D /* LocationManager.swift in Sources */,
			);
			runOnlyForDeploymentPostprocessing = 0;
		};
		5ABB148B2167C42700A2CB2C /* Sources */ = {
			isa = PBXSourcesBuildPhase;
			buildActionMask = 2147483647;
			files = (
				5ABB14942167C42700A2CB2C /* YelpAPIClientTests.swift in Sources */,
			);
			runOnlyForDeploymentPostprocessing = 0;
		};
		5ABB14962167C42700A2CB2C /* Sources */ = {
			isa = PBXSourcesBuildPhase;
			buildActionMask = 2147483647;
			files = (
				5ABB149F2167C42700A2CB2C /* WeedmapsChallengeUITests.swift in Sources */,
			);
			runOnlyForDeploymentPostprocessing = 0;
		};
/* End PBXSourcesBuildPhase section */

/* Begin PBXTargetDependency section */
		5ABB14912167C42700A2CB2C /* PBXTargetDependency */ = {
			isa = PBXTargetDependency;
			target = 5ABB14782167C42300A2CB2C /* WeedmapsChallenge */;
			targetProxy = 5ABB14902167C42700A2CB2C /* PBXContainerItemProxy */;
		};
		5ABB149C2167C42700A2CB2C /* PBXTargetDependency */ = {
			isa = PBXTargetDependency;
			target = 5ABB14782167C42300A2CB2C /* WeedmapsChallenge */;
			targetProxy = 5ABB149B2167C42700A2CB2C /* PBXContainerItemProxy */;
		};
/* End PBXTargetDependency section */

/* Begin PBXVariantGroup section */
		5ABB14822167C42400A2CB2C /* Main.storyboard */ = {
			isa = PBXVariantGroup;
			children = (
				5ABB14832167C42400A2CB2C /* Base */,
			);
			name = Main.storyboard;
			sourceTree = "<group>";
		};
		5ABB14872167C42600A2CB2C /* LaunchScreen.storyboard */ = {
			isa = PBXVariantGroup;
			children = (
				5ABB14882167C42600A2CB2C /* Base */,
			);
			name = LaunchScreen.storyboard;
			sourceTree = "<group>";
		};
/* End PBXVariantGroup section */

/* Begin XCBuildConfiguration section */
		5ABB14A12167C42700A2CB2C /* Debug */ = {
			isa = XCBuildConfiguration;
			buildSettings = {
				ALWAYS_SEARCH_USER_PATHS = NO;
				CLANG_ANALYZER_NONNULL = YES;
				CLANG_ANALYZER_NUMBER_OBJECT_CONVERSION = YES_AGGRESSIVE;
				CLANG_CXX_LANGUAGE_STANDARD = "gnu++14";
				CLANG_CXX_LIBRARY = "libc++";
				CLANG_ENABLE_MODULES = YES;
				CLANG_ENABLE_OBJC_ARC = YES;
				CLANG_ENABLE_OBJC_WEAK = YES;
				CLANG_WARN_BLOCK_CAPTURE_AUTORELEASING = YES;
				CLANG_WARN_BOOL_CONVERSION = YES;
				CLANG_WARN_COMMA = YES;
				CLANG_WARN_CONSTANT_CONVERSION = YES;
				CLANG_WARN_DEPRECATED_OBJC_IMPLEMENTATIONS = YES;
				CLANG_WARN_DIRECT_OBJC_ISA_USAGE = YES_ERROR;
				CLANG_WARN_DOCUMENTATION_COMMENTS = YES;
				CLANG_WARN_EMPTY_BODY = YES;
				CLANG_WARN_ENUM_CONVERSION = YES;
				CLANG_WARN_INFINITE_RECURSION = YES;
				CLANG_WARN_INT_CONVERSION = YES;
				CLANG_WARN_NON_LITERAL_NULL_CONVERSION = YES;
				CLANG_WARN_OBJC_IMPLICIT_RETAIN_SELF = YES;
				CLANG_WARN_OBJC_LITERAL_CONVERSION = YES;
				CLANG_WARN_OBJC_ROOT_CLASS = YES_ERROR;
				CLANG_WARN_RANGE_LOOP_ANALYSIS = YES;
				CLANG_WARN_STRICT_PROTOTYPES = YES;
				CLANG_WARN_SUSPICIOUS_MOVE = YES;
				CLANG_WARN_UNGUARDED_AVAILABILITY = YES_AGGRESSIVE;
				CLANG_WARN_UNREACHABLE_CODE = YES;
				CLANG_WARN__DUPLICATE_METHOD_MATCH = YES;
				CODE_SIGN_IDENTITY = "iPhone Developer";
				COPY_PHASE_STRIP = NO;
				DEBUG_INFORMATION_FORMAT = dwarf;
				ENABLE_STRICT_OBJC_MSGSEND = YES;
				ENABLE_TESTABILITY = YES;
				GCC_C_LANGUAGE_STANDARD = gnu11;
				GCC_DYNAMIC_NO_PIC = NO;
				GCC_NO_COMMON_BLOCKS = YES;
				GCC_OPTIMIZATION_LEVEL = 0;
				GCC_PREPROCESSOR_DEFINITIONS = (
					"DEBUG=1",
					"$(inherited)",
				);
				GCC_WARN_64_TO_32_BIT_CONVERSION = YES;
				GCC_WARN_ABOUT_RETURN_TYPE = YES_ERROR;
				GCC_WARN_UNDECLARED_SELECTOR = YES;
				GCC_WARN_UNINITIALIZED_AUTOS = YES_AGGRESSIVE;
				GCC_WARN_UNUSED_FUNCTION = YES;
				GCC_WARN_UNUSED_VARIABLE = YES;
				IPHONEOS_DEPLOYMENT_TARGET = 12.0;
				MTL_ENABLE_DEBUG_INFO = INCLUDE_SOURCE;
				MTL_FAST_MATH = YES;
				ONLY_ACTIVE_ARCH = YES;
				SDKROOT = iphoneos;
				SWIFT_ACTIVE_COMPILATION_CONDITIONS = DEBUG;
				SWIFT_OPTIMIZATION_LEVEL = "-Onone";
			};
			name = Debug;
		};
		5ABB14A22167C42700A2CB2C /* Release */ = {
			isa = XCBuildConfiguration;
			buildSettings = {
				ALWAYS_SEARCH_USER_PATHS = NO;
				CLANG_ANALYZER_NONNULL = YES;
				CLANG_ANALYZER_NUMBER_OBJECT_CONVERSION = YES_AGGRESSIVE;
				CLANG_CXX_LANGUAGE_STANDARD = "gnu++14";
				CLANG_CXX_LIBRARY = "libc++";
				CLANG_ENABLE_MODULES = YES;
				CLANG_ENABLE_OBJC_ARC = YES;
				CLANG_ENABLE_OBJC_WEAK = YES;
				CLANG_WARN_BLOCK_CAPTURE_AUTORELEASING = YES;
				CLANG_WARN_BOOL_CONVERSION = YES;
				CLANG_WARN_COMMA = YES;
				CLANG_WARN_CONSTANT_CONVERSION = YES;
				CLANG_WARN_DEPRECATED_OBJC_IMPLEMENTATIONS = YES;
				CLANG_WARN_DIRECT_OBJC_ISA_USAGE = YES_ERROR;
				CLANG_WARN_DOCUMENTATION_COMMENTS = YES;
				CLANG_WARN_EMPTY_BODY = YES;
				CLANG_WARN_ENUM_CONVERSION = YES;
				CLANG_WARN_INFINITE_RECURSION = YES;
				CLANG_WARN_INT_CONVERSION = YES;
				CLANG_WARN_NON_LITERAL_NULL_CONVERSION = YES;
				CLANG_WARN_OBJC_IMPLICIT_RETAIN_SELF = YES;
				CLANG_WARN_OBJC_LITERAL_CONVERSION = YES;
				CLANG_WARN_OBJC_ROOT_CLASS = YES_ERROR;
				CLANG_WARN_RANGE_LOOP_ANALYSIS = YES;
				CLANG_WARN_STRICT_PROTOTYPES = YES;
				CLANG_WARN_SUSPICIOUS_MOVE = YES;
				CLANG_WARN_UNGUARDED_AVAILABILITY = YES_AGGRESSIVE;
				CLANG_WARN_UNREACHABLE_CODE = YES;
				CLANG_WARN__DUPLICATE_METHOD_MATCH = YES;
				CODE_SIGN_IDENTITY = "iPhone Developer";
				COPY_PHASE_STRIP = NO;
				DEBUG_INFORMATION_FORMAT = "dwarf-with-dsym";
				ENABLE_NS_ASSERTIONS = NO;
				ENABLE_STRICT_OBJC_MSGSEND = YES;
				GCC_C_LANGUAGE_STANDARD = gnu11;
				GCC_NO_COMMON_BLOCKS = YES;
				GCC_WARN_64_TO_32_BIT_CONVERSION = YES;
				GCC_WARN_ABOUT_RETURN_TYPE = YES_ERROR;
				GCC_WARN_UNDECLARED_SELECTOR = YES;
				GCC_WARN_UNINITIALIZED_AUTOS = YES_AGGRESSIVE;
				GCC_WARN_UNUSED_FUNCTION = YES;
				GCC_WARN_UNUSED_VARIABLE = YES;
				IPHONEOS_DEPLOYMENT_TARGET = 12.0;
				MTL_ENABLE_DEBUG_INFO = NO;
				MTL_FAST_MATH = YES;
				SDKROOT = iphoneos;
				SWIFT_COMPILATION_MODE = wholemodule;
				SWIFT_OPTIMIZATION_LEVEL = "-O";
				VALIDATE_PRODUCT = YES;
			};
			name = Release;
		};
		5ABB14A42167C42700A2CB2C /* Debug */ = {
			isa = XCBuildConfiguration;
			buildSettings = {
				ASSETCATALOG_COMPILER_APPICON_NAME = AppIcon;
				CODE_SIGN_STYLE = Automatic;
				DEVELOPMENT_TEAM = "";
				FRAMEWORK_SEARCH_PATHS = (
					"$(inherited)",
					"$(PROJECT_DIR)/Carthage/Build/iOS",
				);
				INFOPLIST_FILE = "$(SRCROOT)/WeedmapsChallenge/Storages/WeedmapsChallenge-Info.plist";
				LD_RUNPATH_SEARCH_PATHS = (
					"$(inherited)",
					"@executable_path/Frameworks",
				);
				PRODUCT_BUNDLE_IDENTIFIER = com.weedmaps.WeedmapsChallenge;
				PRODUCT_NAME = "$(TARGET_NAME)";
				SWIFT_VERSION = 4.2;
				TARGETED_DEVICE_FAMILY = "1,2";
			};
			name = Debug;
		};
		5ABB14A52167C42700A2CB2C /* Release */ = {
			isa = XCBuildConfiguration;
			buildSettings = {
				ASSETCATALOG_COMPILER_APPICON_NAME = AppIcon;
				CODE_SIGN_STYLE = Automatic;
				DEVELOPMENT_TEAM = "";
				FRAMEWORK_SEARCH_PATHS = (
					"$(inherited)",
					"$(PROJECT_DIR)/Carthage/Build/iOS",
				);
				INFOPLIST_FILE = "$(SRCROOT)/WeedmapsChallenge/Storages/WeedmapsChallenge-Info.plist";
				LD_RUNPATH_SEARCH_PATHS = (
					"$(inherited)",
					"@executable_path/Frameworks",
				);
				PRODUCT_BUNDLE_IDENTIFIER = com.weedmaps.WeedmapsChallenge;
				PRODUCT_NAME = "$(TARGET_NAME)";
				SWIFT_VERSION = 4.2;
				TARGETED_DEVICE_FAMILY = "1,2";
			};
			name = Release;
		};
		5ABB14A72167C42700A2CB2C /* Debug */ = {
			isa = XCBuildConfiguration;
			buildSettings = {
				ALWAYS_EMBED_SWIFT_STANDARD_LIBRARIES = YES;
				BUNDLE_LOADER = "$(TEST_HOST)";
				CODE_SIGN_STYLE = Automatic;
				DEVELOPMENT_TEAM = S9UES6HSTC;
				INFOPLIST_FILE = WeedmapsChallengeTests/Info.plist;
				LD_RUNPATH_SEARCH_PATHS = (
					"$(inherited)",
					"@executable_path/Frameworks",
					"@loader_path/Frameworks",
				);
				PRODUCT_BUNDLE_IDENTIFIER = com.weedmaps.WeedmapsChallengeTests;
				PRODUCT_NAME = "$(TARGET_NAME)";
				SWIFT_VERSION = 4.2;
				TARGETED_DEVICE_FAMILY = "1,2";
				TEST_HOST = "$(BUILT_PRODUCTS_DIR)/WeedmapsChallenge.app/WeedmapsChallenge";
			};
			name = Debug;
		};
		5ABB14A82167C42700A2CB2C /* Release */ = {
			isa = XCBuildConfiguration;
			buildSettings = {
				ALWAYS_EMBED_SWIFT_STANDARD_LIBRARIES = YES;
				BUNDLE_LOADER = "$(TEST_HOST)";
				CODE_SIGN_STYLE = Automatic;
				DEVELOPMENT_TEAM = S9UES6HSTC;
				INFOPLIST_FILE = WeedmapsChallengeTests/Info.plist;
				LD_RUNPATH_SEARCH_PATHS = (
					"$(inherited)",
					"@executable_path/Frameworks",
					"@loader_path/Frameworks",
				);
				PRODUCT_BUNDLE_IDENTIFIER = com.weedmaps.WeedmapsChallengeTests;
				PRODUCT_NAME = "$(TARGET_NAME)";
				SWIFT_VERSION = 4.2;
				TARGETED_DEVICE_FAMILY = "1,2";
				TEST_HOST = "$(BUILT_PRODUCTS_DIR)/WeedmapsChallenge.app/WeedmapsChallenge";
			};
			name = Release;
		};
		5ABB14AA2167C42700A2CB2C /* Debug */ = {
			isa = XCBuildConfiguration;
			buildSettings = {
				ALWAYS_EMBED_SWIFT_STANDARD_LIBRARIES = YES;
				CODE_SIGN_STYLE = Automatic;
				DEVELOPMENT_TEAM = S9UES6HSTC;
				INFOPLIST_FILE = WeedmapsChallengeUITests/Info.plist;
				LD_RUNPATH_SEARCH_PATHS = (
					"$(inherited)",
					"@executable_path/Frameworks",
					"@loader_path/Frameworks",
				);
				PRODUCT_BUNDLE_IDENTIFIER = com.weedmaps.WeedmapsChallengeUITests;
				PRODUCT_NAME = "$(TARGET_NAME)";
				SWIFT_VERSION = 4.2;
				TARGETED_DEVICE_FAMILY = "1,2";
				TEST_TARGET_NAME = WeedmapsChallenge;
			};
			name = Debug;
		};
		5ABB14AB2167C42700A2CB2C /* Release */ = {
			isa = XCBuildConfiguration;
			buildSettings = {
				ALWAYS_EMBED_SWIFT_STANDARD_LIBRARIES = YES;
				CODE_SIGN_STYLE = Automatic;
				DEVELOPMENT_TEAM = S9UES6HSTC;
				INFOPLIST_FILE = WeedmapsChallengeUITests/Info.plist;
				LD_RUNPATH_SEARCH_PATHS = (
					"$(inherited)",
					"@executable_path/Frameworks",
					"@loader_path/Frameworks",
				);
				PRODUCT_BUNDLE_IDENTIFIER = com.weedmaps.WeedmapsChallengeUITests;
				PRODUCT_NAME = "$(TARGET_NAME)";
				SWIFT_VERSION = 4.2;
				TARGETED_DEVICE_FAMILY = "1,2";
				TEST_TARGET_NAME = WeedmapsChallenge;
			};
			name = Release;
		};
/* End XCBuildConfiguration section */

/* Begin XCConfigurationList section */
		5ABB14742167C42300A2CB2C /* Build configuration list for PBXProject "WeedmapsChallenge" */ = {
			isa = XCConfigurationList;
			buildConfigurations = (
				5ABB14A12167C42700A2CB2C /* Debug */,
				5ABB14A22167C42700A2CB2C /* Release */,
			);
			defaultConfigurationIsVisible = 0;
			defaultConfigurationName = Release;
		};
		5ABB14A32167C42700A2CB2C /* Build configuration list for PBXNativeTarget "WeedmapsChallenge" */ = {
			isa = XCConfigurationList;
			buildConfigurations = (
				5ABB14A42167C42700A2CB2C /* Debug */,
				5ABB14A52167C42700A2CB2C /* Release */,
			);
			defaultConfigurationIsVisible = 0;
			defaultConfigurationName = Release;
		};
		5ABB14A62167C42700A2CB2C /* Build configuration list for PBXNativeTarget "WeedmapsChallengeTests" */ = {
			isa = XCConfigurationList;
			buildConfigurations = (
				5ABB14A72167C42700A2CB2C /* Debug */,
				5ABB14A82167C42700A2CB2C /* Release */,
			);
			defaultConfigurationIsVisible = 0;
			defaultConfigurationName = Release;
		};
		5ABB14A92167C42700A2CB2C /* Build configuration list for PBXNativeTarget "WeedmapsChallengeUITests" */ = {
			isa = XCConfigurationList;
			buildConfigurations = (
				5ABB14AA2167C42700A2CB2C /* Debug */,
				5ABB14AB2167C42700A2CB2C /* Release */,
			);
			defaultConfigurationIsVisible = 0;
			defaultConfigurationName = Release;
		};
/* End XCConfigurationList section */
	};
	rootObject = 5ABB14712167C42300A2CB2C /* Project object */;
}
